
Microsoft Visual Studio Solution File, Format Version 12.00
# Visual Studio Version 16
VisualStudioVersion = 16.0.29123.88
MinimumVisualStudioVersion = 10.0.40219.1
Project("{8BC9CEB8-8B4A-11D0-8D11-00A0C91BC942}") = "EP6", "ChatFilter\ChatFilter.vcxproj", "{8B1E5615-A260-4837-B964-A7588260D606}"
EndProject
Project("{8BC9CEB8-8B4A-11D0-8D11-00A0C91BC942}") = "ClientFeature", "ClientFeature\CustomGame.vcxproj", "{A79983BA-5CE6-4197-97D2-2F27628B4A1D}"
	ProjectSection(ProjectDependencies) = postProject
		{F214141E-78C3-434D-B3C7-F1268B7741ED} = {F214141E-78C3-434D-B3C7-F1268B7741ED}
	EndProjectSection
EndProject
Project("{8BC9CEB8-8B4A-11D0-8D11-00A0C91BC942}") = "utility", "utility\utility.vcxproj", "{F214141E-78C3-434D-B3C7-F1268B7741ED}"
EndProject
Project("{8BC9CEB8-8B4A-11D0-8D11-00A0C91BC942}") = "EP4", "EP4\EP4.vcxproj", "{A68B0767-C4D7-41DB-881F-2C8C052463F0}"
EndProject
Project("{8BC9CEB8-8B4A-11D0-8D11-00A0C91BC942}") = "ShaiyaHacker", "ShaiyaHacker\ShaiyaHacker.vcxproj", "{157E700D-B9C5-4184-B3EC-60309853A9C9}"
	ProjectSection(ProjectDependencies) = postProject
		{F214141E-78C3-434D-B3C7-F1268B7741ED} = {F214141E-78C3-434D-B3C7-F1268B7741ED}
	EndProjectSection
EndProject
Project("{8BC9CEB8-8B4A-11D0-8D11-00A0C91BC942}") = "Dll1", "Dll1\Dll1.vcxproj", "{07A9BB8B-7E9E-4BF3-A3D8-F34947ACE60E}"
	ProjectSection(ProjectDependencies) = postProject
		{F214141E-78C3-434D-B3C7-F1268B7741ED} = {F214141E-78C3-434D-B3C7-F1268B7741ED}
	EndProjectSection
EndProject
Project("{8BC9CEB8-8B4A-11D0-8D11-00A0C91BC942}") = "testWechat", "testWechat\testWechat.vcxproj", "{34066E23-6ECE-4F2C-A01C-BA0C5406BD12}"
EndProject
Global
	GlobalSection(SolutionConfigurationPlatforms) = preSolution
		Debug_Shaiya90|Win32 = Debug_Shaiya90|Win32
		Debug|Win32 = Debug|Win32
		Release_Shaiya90|Win32 = Release_Shaiya90|Win32
		Release|Win32 = Release|Win32
	EndGlobalSection
	GlobalSection(ProjectConfigurationPlatforms) = postSolution
		{8B1E5615-A260-4837-B964-A7588260D606}.Debug_Shaiya90|Win32.ActiveCfg = Debug|Win32
		{8B1E5615-A260-4837-B964-A7588260D606}.Debug_Shaiya90|Win32.Build.0 = Debug|Win32
		{8B1E5615-A260-4837-B964-A7588260D606}.Debug|Win32.ActiveCfg = Debug|Win32
		{8B1E5615-A260-4837-B964-A7588260D606}.Debug|Win32.Build.0 = Debug|Win32
		{8B1E5615-A260-4837-B964-A7588260D606}.Release_Shaiya90|Win32.ActiveCfg = Release|Win32
		{8B1E5615-A260-4837-B964-A7588260D606}.Release_Shaiya90|Win32.Build.0 = Release|Win32
		{8B1E5615-A260-4837-B964-A7588260D606}.Release|Win32.ActiveCfg = Release|Win32
		{8B1E5615-A260-4837-B964-A7588260D606}.Release|Win32.Build.0 = Release|Win32
		{A79983BA-5CE6-4197-97D2-2F27628B4A1D}.Debug_Shaiya90|Win32.ActiveCfg = Debug_Shaiya90|Win32
		{A79983BA-5CE6-4197-97D2-2F27628B4A1D}.Debug_Shaiya90|Win32.Build.0 = Debug_Shaiya90|Win32
		{A79983BA-5CE6-4197-97D2-2F27628B4A1D}.Debug|Win32.ActiveCfg = Debug|Win32
		{A79983BA-5CE6-4197-97D2-2F27628B4A1D}.Debug|Win32.Build.0 = Debug|Win32
		{A79983BA-5CE6-4197-97D2-2F27628B4A1D}.Release_Shaiya90|Win32.ActiveCfg = Release_Shaiya90|Win32
		{A79983BA-5CE6-4197-97D2-2F27628B4A1D}.Release_Shaiya90|Win32.Build.0 = Release_Shaiya90|Win32
		{A79983BA-5CE6-4197-97D2-2F27628B4A1D}.Release|Win32.ActiveCfg = Release|Win32
		{A79983BA-5CE6-4197-97D2-2F27628B4A1D}.Release|Win32.Build.0 = Release|Win32
		{F214141E-78C3-434D-B3C7-F1268B7741ED}.Debug_Shaiya90|Win32.ActiveCfg = Debug|Win32
		{F214141E-78C3-434D-B3C7-F1268B7741ED}.Debug_Shaiya90|Win32.Build.0 = Debug|Win32
		{F214141E-78C3-434D-B3C7-F1268B7741ED}.Debug|Win32.ActiveCfg = Debug|Win32
		{F214141E-78C3-434D-B3C7-F1268B7741ED}.Debug|Win32.Build.0 = Debug|Win32
		{F214141E-78C3-434D-B3C7-F1268B7741ED}.Release_Shaiya90|Win32.ActiveCfg = Release|Win32
		{F214141E-78C3-434D-B3C7-F1268B7741ED}.Release_Shaiya90|Win32.Build.0 = Release|Win32
		{F214141E-78C3-434D-B3C7-F1268B7741ED}.Release|Win32.ActiveCfg = Release|Win32
		{F214141E-78C3-434D-B3C7-F1268B7741ED}.Release|Win32.Build.0 = Release|Win32
		{A68B0767-C4D7-41DB-881F-2C8C052463F0}.Debug_Shaiya90|Win32.ActiveCfg = Debug|Win32
		{A68B0767-C4D7-41DB-881F-2C8C052463F0}.Debug_Shaiya90|Win32.Build.0 = Debug|Win32
		{A68B0767-C4D7-41DB-881F-2C8C052463F0}.Debug|Win32.ActiveCfg = Debug|Win32
		{A68B0767-C4D7-41DB-881F-2C8C052463F0}.Debug|Win32.Build.0 = Debug|Win32
		{A68B0767-C4D7-41DB-881F-2C8C052463F0}.Release_Shaiya90|Win32.ActiveCfg = Release|Win32
		{A68B0767-C4D7-41DB-881F-2C8C052463F0}.Release_Shaiya90|Win32.Build.0 = Release|Win32
		{A68B0767-C4D7-41DB-881F-2C8C052463F0}.Release|Win32.ActiveCfg = Release|Win32
		{A68B0767-C4D7-41DB-881F-2C8C052463F0}.Release|Win32.Build.0 = Release|Win32
		{157E700D-B9C5-4184-B3EC-60309853A9C9}.Debug_Shaiya90|Win32.ActiveCfg = Debug|Win32
		{157E700D-B9C5-4184-B3EC-60309853A9C9}.Debug_Shaiya90|Win32.Build.0 = Debug|Win32
		{157E700D-B9C5-4184-B3EC-60309853A9C9}.Debug|Win32.ActiveCfg = Debug|Win32
		{157E700D-B9C5-4184-B3EC-60309853A9C9}.Debug|Win32.Build.0 = Debug|Win32
		{157E700D-B9C5-4184-B3EC-60309853A9C9}.Release_Shaiya90|Win32.ActiveCfg = Release|Win32
		{157E700D-B9C5-4184-B3EC-60309853A9C9}.Release_Shaiya90|Win32.Build.0 = Release|Win32
		{157E700D-B9C5-4184-B3EC-60309853A9C9}.Release|Win32.ActiveCfg = Release|Win32
		{157E700D-B9C5-4184-B3EC-60309853A9C9}.Release|Win32.Build.0 = Release|Win32
		{07A9BB8B-7E9E-4BF3-A3D8-F34947ACE60E}.Debug_Shaiya90|Win32.ActiveCfg = Debug|Win32
		{07A9BB8B-7E9E-4BF3-A3D8-F34947ACE60E}.Debug_Shaiya90|Win32.Build.0 = Debug|Win32
		{07A9BB8B-7E9E-4BF3-A3D8-F34947ACE60E}.Debug|Win32.ActiveCfg = Debug|Win32
		{07A9BB8B-7E9E-4BF3-A3D8-F34947ACE60E}.Debug|Win32.Build.0 = Debug|Win32
		{07A9BB8B-7E9E-4BF3-A3D8-F34947ACE60E}.Release_Shaiya90|Win32.ActiveCfg = Release|Win32
		{07A9BB8B-7E9E-4BF3-A3D8-F34947ACE60E}.Release_Shaiya90|Win32.Build.0 = Release|Win32
		{07A9BB8B-7E9E-4BF3-A3D8-F34947ACE60E}.Release|Win32.ActiveCfg = Release|Win32
		{07A9BB8B-7E9E-4BF3-A3D8-F34947ACE60E}.Release|Win32.Build.0 = Release|Win32
		{34066E23-6ECE-4F2C-A01C-BA0C5406BD12}.Debug_Shaiya90|Win32.ActiveCfg = Debug|Win32
		{34066E23-6ECE-4F2C-A01C-BA0C5406BD12}.Debug_Shaiya90|Win32.Build.0 = Debug|Win32
		{34066E23-6ECE-4F2C-A01C-BA0C5406BD12}.Debug|Win32.ActiveCfg = Debug|Win32
		{34066E23-6ECE-4F2C-A01C-BA0C5406BD12}.Debug|Win32.Build.0 = Debug|Win32
		{34066E23-6ECE-4F2C-A01C-BA0C5406BD12}.Release_Shaiya90|Win32.ActiveCfg = Release|Win32
		{34066E23-6ECE-4F2C-A01C-BA0C5406BD12}.Release_Shaiya90|Win32.Build.0 = Release|Win32
		{34066E23-6ECE-4F2C-A01C-BA0C5406BD12}.Release|Win32.ActiveCfg = Release|Win32
		{34066E23-6ECE-4F2C-A01C-BA0C5406BD12}.Release|Win32.Build.0 = Release|Win32
	EndGlobalSection
	GlobalSection(SolutionProperties) = preSolution
		HideSolutionNode = FALSE
	EndGlobalSection
	GlobalSection(ExtensibilityGlobals) = postSolution
		SolutionGuid = {6A116193-48F7-43BE-95E8-ADEBC4F19C65}
	EndGlobalSection
EndGlobal
